{
  "name": "cook-bake-academy",
  "version": "1.0.0",
  "lockfileVersion": 3,
  "requires": true,
  "packages": {
    "": {
      "name": "cook-bake-academy",
      "devDependencies": {
        "@sqlite.org/sqlite-wasm": "^3.53.4-build1"
      }
    },
    "node_modules/@sqlite.org/sqlite-wasm": {
      "version": "3.53.4-build1",
      "resolved": "https://registry.npmjs.org/@sqlite.org/sqlite-wasm/-/sqlite-wasm-3.53.4-build1.tgz",
      "integrity": "sha512-U8pvL0patYHMgieD8JxxYJTlh9m1LUX8+BDYb7MiKQzBI89f2qbdmdcG/PvnPaLm9wsBbv4VlVG453ixnxBOnA==",
      "dev": true,
      "license": "Apache-2.0",
      "workspaces": [
        "demos/*"
      ],
      "engines": {
        "node": ">=22"
      }
    }
  }
}
